
Microsoft Visual Studio Solution File, Format Version 12.00
# Visual Studio Version 16
VisualStudioVersion = 16.0.30804.86
MinimumVisualStudioVersion = 10.0.40219.1
Project("{FAE04EC0-301F-11D3-BF4B-00C04F79EFBC}") = "PotokiKlient", "PotokiKlient.csproj", "{A3759660-C43A-4DB2-A379-0D9CAA9E7EC0}"
EndProject
Global
	GlobalSection(SolutionConfigurationPlatforms) = preSolution
		Debug|Any CPU = Debug|Any CPU
		Release|Any CPU = Release|Any CPU
	EndGlobalSection
	GlobalSection(ProjectConfigurationPlatforms) = postSolution
		{A3759660-C43A-4DB2-A379-0D9CAA9E7EC0}.Debug|Any CPU.ActiveCfg = Debug|Any CPU
		{A3759660-C43A-4DB2-A379-0D9CAA9E7EC0}.Debug|Any CPU.Build.0 = Debug|Any CPU
		{A3759660-C43A-4DB2-A379-0D9CAA9E7EC0}.Release|Any CPU.ActiveCfg = Release|Any CPU
		{A3759660-C43A-4DB2-A379-0D9CAA9E7EC0}.Release|Any CPU.Build.0 = Release|Any CPU
	EndGlobalSection
	GlobalSection(SolutionProperties) = preSolution
		HideSolutionNode = FALSE
	EndGlobalSection
	GlobalSection(ExtensibilityGlobals) = postSolution
		SolutionGuid = {C14A02A1-5242-480C-B2D8-CDE28949E14C}
	EndGlobalSection
EndGlobal
